{
  "name": "comfyui-tg-miniapp",
  "version": "1.0.0",
  "lockfileVersion": 3,
  "requires": true,
  "packages": {
    "": {
      "name": "comfyui-tg-miniapp",
      "version": "1.0.0",
      "license": "ISC",
      "dependencies": {
        "angularjs-tooltips": "^1.0.5"
      }
    },
    "node_modules/angularjs-tooltips": {
      "version": "1.0.5",
      "resolved": "https://registry.npmjs.org/angularjs-tooltips/-/angularjs-tooltips-1.0.5.tgz",
      "integrity": "sha512-XBO67fA34nInQwMqtsscJKvn5Npo5KetOoOY0jy8/6fK20hrd+wHcvkMWw0NzMQtheZl9jIuhDwWB3TnqhdR/Q==",
      "engines": {
        "node": ">=0.10.0"
      }
    }
  }
}
